{
  "version": "5",
  "specifiers": {
    "jsr:@hono/hono@^4.10.0": "4.10.0"
  },
  "jsr": {
    "@hono/hono@4.10.0": {
      "integrity": "4ef1511b35a9d3a34b615cf23ddc0145862995426e52b5d8503cb605540dec9e"
    }
  },
  "remote": {
    "https://cdn.sheetjs.com/xlsx-0.20.2/package/xlsx.mjs": "a09fb310fce98bc4f53e75ae4854384b49d790bb3b0c15a38e9a93014020dc96",
    "https://cdn.sheetjs.com/xlsx-0.20.3/package/xlsx.mjs": "1a0fb062ee9781b13f6687371b202aaefc53b6ce55b530c027e01f9c087b77db"
  },
  "workspace": {
    "dependencies": [
      "jsr:@hono/hono@^4.10.0"
    ]
  }
}
